// !$*UTF8*$!
{
	archiveVersion = 1;
	classes = {
	};
	objectVersion = 50;
	objects = {

/* Begin PBXBuildFile section */
		99E998EA214FA403001996B5 /* libdlib.a in Frameworks */ = {isa = PBXBuildFile; fileRef = 99E998E9214FA403001996B5 /* libdlib.a */; };
		C21B6FEA20468CD600768F2C /* compare.swift in Sources */ = {isa = PBXBuildFile; fileRef = C21B6FE920468CD600768F2C /* compare.swift */; };
		C21BD3EC2043BBFE0082F2A3 /* AppDelegate.swift in Sources */ = {isa = PBXBuildFile; fileRef = C21BD3EB2043BBFE0082F2A3 /* AppDelegate.swift */; };
		C21BD3EE2043BBFE0082F2A3 /* ViewController.swift in Sources */ = {isa = PBXBuildFile; fileRef = C21BD3ED2043BBFE0082F2A3 /* ViewController.swift */; };
		C21BD3F12043BBFE0082F2A3 /* Main.storyboard in Resources */ = {isa = PBXBuildFile; fileRef = C21BD3EF2043BBFE0082F2A3 /* Main.storyboard */; };
		C21BD3F32043BC040082F2A3 /* Assets.xcassets in Resources */ = {isa = PBXBuildFile; fileRef = C21BD3F22043BC040082F2A3 /* Assets.xcassets */; };
		C21BD3F62043BC040082F2A3 /* LaunchScreen.storyboard in Resources */ = {isa = PBXBuildFile; fileRef = C21BD3F42043BC040082F2A3 /* LaunchScreen.storyboard */; };
		C21BD4012043BC050082F2A3 /* mynewappTests.swift in Sources */ = {isa = PBXBuildFile; fileRef = C21BD4002043BC050082F2A3 /* mynewappTests.swift */; };
		C21BD40C2043BC050082F2A3 /* mynewappUITests.swift in Sources */ = {isa = PBXBuildFile; fileRef = C21BD40B2043BC050082F2A3 /* mynewappUITests.swift */; };
		C21BD41A2043BC2D0082F2A3 /* photoviewcontroller.swift in Sources */ = {isa = PBXBuildFile; fileRef = C21BD4192043BC2D0082F2A3 /* photoviewcontroller.swift */; };
		C21BD41C2043BC3E0082F2A3 /* Paint.swift in Sources */ = {isa = PBXBuildFile; fileRef = C21BD41B2043BC3E0082F2A3 /* Paint.swift */; };
		C21BD41E2043BCC20082F2A3 /* cameraviewcontroller.swift in Sources */ = {isa = PBXBuildFile; fileRef = C21BD41D2043BCC20082F2A3 /* cameraviewcontroller.swift */; };
		C220F8DA2047CA970073447B /* gazemap.swift in Sources */ = {isa = PBXBuildFile; fileRef = C220F8D92047CA970073447B /* gazemap.swift */; };
		C28B0F35205108F0006470A4 /* writejson.swift in Sources */ = {isa = PBXBuildFile; fileRef = C28B0F34205108F0006470A4 /* writejson.swift */; };
		C2C400DE204FD93600EE339E /* vedio.swift in Sources */ = {isa = PBXBuildFile; fileRef = C2C400DD204FD93600EE339E /* vedio.swift */; };
		C2EDC0D4204E2E65001BE40E /* option.swift in Sources */ = {isa = PBXBuildFile; fileRef = C2EDC0D3204E2E65001BE40E /* option.swift */; };
/* End PBXBuildFile section */

/* Begin PBXContainerItemProxy section */
		C21BD3FD2043BC040082F2A3 /* PBXContainerItemProxy */ = {
			isa = PBXContainerItemProxy;
			containerPortal = C21BD3E02043BBFE0082F2A3 /* Project object */;
			proxyType = 1;
			remoteGlobalIDString = C21BD3E72043BBFE0082F2A3;
			remoteInfo = mynewapp;
		};
		C21BD4082043BC050082F2A3 /* PBXContainerItemProxy */ = {
			isa = PBXContainerItemProxy;
			containerPortal = C21BD3E02043BBFE0082F2A3 /* Project object */;
			proxyType = 1;
			remoteGlobalIDString = C21BD3E72043BBFE0082F2A3;
			remoteInfo = mynewapp;
		};
/* End PBXContainerItemProxy section */

/* Begin PBXFileReference section */
		99E998E9214FA403001996B5 /* libdlib.a */ = {isa = PBXFileReference; lastKnownFileType = archive.ar; name = libdlib.a; path = lib/libdlib.a; sourceTree = "<group>"; };
		C21B6FE920468CD600768F2C /* compare.swift */ = {isa = PBXFileReference; lastKnownFileType = sourcecode.swift; path = compare.swift; sourceTree = "<group>"; };
		C21BD3E82043BBFE0082F2A3 /* mynewapp.app */ = {isa = PBXFileReference; explicitFileType = wrapper.application; includeInIndex = 0; path = mynewapp.app; sourceTree = BUILT_PRODUCTS_DIR; };
		C21BD3EB2043BBFE0082F2A3 /* AppDelegate.swift */ = {isa = PBXFileReference; lastKnownFileType = sourcecode.swift; path = AppDelegate.swift; sourceTree = "<group>"; };
		C21BD3ED2043BBFE0082F2A3 /* ViewController.swift */ = {isa = PBXFileReference; lastKnownFileType = sourcecode.swift; path = ViewController.swift; sourceTree = "<group>"; };
		C21BD3F02043BBFE0082F2A3 /* Base */ = {isa = PBXFileReference; lastKnownFileType = file.storyboard; name = Base; path = Base.lproj/Main.storyboard; sourceTree = "<group>"; };
		C21BD3F22043BC040082F2A3 /* Assets.xcassets */ = {isa = PBXFileReference; lastKnownFileType = folder.assetcatalog; path = Assets.xcassets; sourceTree = "<group>"; };
		C21BD3F52043BC040082F2A3 /* Base */ = {isa = PBXFileReference; lastKnownFileType = file.storyboard; name = Base; path = Base.lproj/LaunchScreen.storyboard; sourceTree = "<group>"; };
		C21BD3F72043BC040082F2A3 /* Info.plist */ = {isa = PBXFileReference; lastKnownFileType = text.plist.xml; path = Info.plist; sourceTree = "<group>"; };
		C21BD3FC2043BC040082F2A3 /* mynewappTests.xctest */ = {isa = PBXFileReference; explicitFileType = wrapper.cfbundle; includeInIndex = 0; path = mynewappTests.xctest; sourceTree = BUILT_PRODUCTS_DIR; };
		C21BD4002043BC050082F2A3 /* mynewappTests.swift */ = {isa = PBXFileReference; lastKnownFileType = sourcecode.swift; path = mynewappTests.swift; sourceTree = "<group>"; };
		C21BD4022043BC050082F2A3 /* Info.plist */ = {isa = PBXFileReference; lastKnownFileType = text.plist.xml; path = Info.plist; sourceTree = "<group>"; };
		C21BD4072043BC050082F2A3 /* mynewappUITests.xctest */ = {isa = PBXFileReference; explicitFileType = wrapper.cfbundle; includeInIndex = 0; path = mynewappUITests.xctest; sourceTree = BUILT_PRODUCTS_DIR; };
		C21BD40B2043BC050082F2A3 /* mynewappUITests.swift */ = {isa = PBXFileReference; lastKnownFileType = sourcecode.swift; path = mynewappUITests.swift; sourceTree = "<group>"; };
		C21BD40D2043BC050082F2A3 /* Info.plist */ = {isa = PBXFileReference; lastKnownFileType = text.plist.xml; path = Info.plist; sourceTree = "<group>"; };
		C21BD4192043BC2D0082F2A3 /* photoviewcontroller.swift */ = {isa = PBXFileReference; lastKnownFileType = sourcecode.swift; path = photoviewcontroller.swift; sourceTree = "<group>"; };
		C21BD41B2043BC3E0082F2A3 /* Paint.swift */ = {isa = PBXFileReference; lastKnownFileType = sourcecode.swift; path = Paint.swift; sourceTree = "<group>"; };
		C21BD41D2043BCC20082F2A3 /* cameraviewcontroller.swift */ = {isa = PBXFileReference; lastKnownFileType = sourcecode.swift; path = cameraviewcontroller.swift; sourceTree = "<group>"; };
		C220F8D92047CA970073447B /* gazemap.swift */ = {isa = PBXFileReference; lastKnownFileType = sourcecode.swift; path = gazemap.swift; sourceTree = "<group>"; };
		C28B0F34205108F0006470A4 /* writejson.swift */ = {isa = PBXFileReference; lastKnownFileType = sourcecode.swift; path = writejson.swift; sourceTree = "<group>"; };
		C2C400DD204FD93600EE339E /* vedio.swift */ = {isa = PBXFileReference; lastKnownFileType = sourcecode.swift; path = vedio.swift; sourceTree = "<group>"; };
		C2EDC0D3204E2E65001BE40E /* option.swift */ = {isa = PBXFileReference; lastKnownFileType = sourcecode.swift; path = option.swift; sourceTree = "<group>"; };
/* End PBXFileReference section */

/* Begin PBXFrameworksBuildPhase section */
		C21BD3E52043BBFE0082F2A3 /* Frameworks */ = {
			isa = PBXFrameworksBuildPhase;
			buildActionMask = 2147483647;
			files = (
				99E998EA214FA403001996B5 /* libdlib.a in Frameworks */,
			);
			runOnlyForDeploymentPostprocessing = 0;
		};
		C21BD3F92043BC040082F2A3 /* Frameworks */ = {
			isa = PBXFrameworksBuildPhase;
			buildActionMask = 2147483647;
			files = (
			);
			runOnlyForDeploymentPostprocessing = 0;
		};
		C21BD4042043BC050082F2A3 /* Frameworks */ = {
			isa = PBXFrameworksBuildPhase;
			buildActionMask = 2147483647;
			files = (
			);
			runOnlyForDeploymentPostprocessing = 0;
		};
/* End PBXFrameworksBuildPhase section */

/* Begin PBXGroup section */
		C21BD3DF2043BBFE0082F2A3 = {
			isa = PBXGroup;
			children = (
				C21BD3EA2043BBFE0082F2A3 /* mynewapp */,
				C21BD3FF2043BC050082F2A3 /* mynewappTests */,
				C21BD40A2043BC050082F2A3 /* mynewappUITests */,
				C21BD3E92043BBFE0082F2A3 /* Products */,
			);
			sourceTree = "<group>";
		};
		C21BD3E92043BBFE0082F2A3 /* Products */ = {
			isa = PBXGroup;
			children = (
				C21BD3E82043BBFE0082F2A3 /* mynewapp.app */,
				C21BD3FC2043BC040082F2A3 /* mynewappTests.xctest */,
				C21BD4072043BC050082F2A3 /* mynewappUITests.xctest */,
			);
			name = Products;
			sourceTree = "<group>";
		};
		C21BD3EA2043BBFE0082F2A3 /* mynewapp */ = {
			isa = PBXGroup;
			children = (
				99E998E9214FA403001996B5 /* libdlib.a */,
				C21BD3EB2043BBFE0082F2A3 /* AppDelegate.swift */,
				C21BD41B2043BC3E0082F2A3 /* Paint.swift */,
				C21BD3ED2043BBFE0082F2A3 /* ViewController.swift */,
				C21BD3EF2043BBFE0082F2A3 /* Main.storyboard */,
				C21BD3F22043BC040082F2A3 /* Assets.xcassets */,
				C21BD3F42043BC040082F2A3 /* LaunchScreen.storyboard */,
				C21BD3F72043BC040082F2A3 /* Info.plist */,
				C21BD4192043BC2D0082F2A3 /* photoviewcontroller.swift */,
				C21BD41D2043BCC20082F2A3 /* cameraviewcontroller.swift */,
				C21B6FE920468CD600768F2C /* compare.swift */,
				C220F8D92047CA970073447B /* gazemap.swift */,
				C2EDC0D3204E2E65001BE40E /* option.swift */,
				C2C400DD204FD93600EE339E /* vedio.swift */,
				C28B0F34205108F0006470A4 /* writejson.swift */,
			);
			path = mynewapp;
			sourceTree = "<group>";
		};
		C21BD3FF2043BC050082F2A3 /* mynewappTests */ = {
			isa = PBXGroup;
			children = (
				C21BD4002043BC050082F2A3 /* mynewappTests.swift */,
				C21BD4022043BC050082F2A3 /* Info.plist */,
			);
			path = mynewappTests;
			sourceTree = "<group>";
		};
		C21BD40A2043BC050082F2A3 /* mynewappUITests */ = {
			isa = PBXGroup;
			children = (
				C21BD40B2043BC050082F2A3 /* mynewappUITests.swift */,
				C21BD40D2043BC050082F2A3 /* Info.plist */,
			);
			path = mynewappUITests;
			sourceTree = "<group>";
		};
/* End PBXGroup section */

/* Begin PBXNativeTarget section */
		C21BD3E72043BBFE0082F2A3 /* mynewapp */ = {
			isa = PBXNativeTarget;
			buildConfigurationList = C21BD4102043BC050082F2A3 /* Build configuration list for PBXNativeTarget "mynewapp" */;
			buildPhases = (
				C21BD3E42043BBFE0082F2A3 /* Sources */,
				C21BD3E52043BBFE0082F2A3 /* Frameworks */,
				C21BD3E62043BBFE0082F2A3 /* Resources */,
			);
			buildRules = (
			);
			dependencies = (
			);
			name = mynewapp;
			productName = mynewapp;
			productReference = C21BD3E82043BBFE0082F2A3 /* mynewapp.app */;
			productType = "com.apple.product-type.application";
		};
		C21BD3FB2043BC040082F2A3 /* mynewappTests */ = {
			isa = PBXNativeTarget;
			buildConfigurationList = C21BD4132043BC050082F2A3 /* Build configuration list for PBXNativeTarget "mynewappTests" */;
			buildPhases = (
				C21BD3F82043BC040082F2A3 /* Sources */,
				C21BD3F92043BC040082F2A3 /* Frameworks */,
				C21BD3FA2043BC040082F2A3 /* Resources */,
			);
			buildRules = (
			);
			dependencies = (
				C21BD3FE2043BC040082F2A3 /* PBXTargetDependency */,
			);
			name = mynewappTests;
			productName = mynewappTests;
			productReference = C21BD3FC2043BC040082F2A3 /* mynewappTests.xctest */;
			productType = "com.apple.product-type.bundle.unit-test";
		};
		C21BD4062043BC050082F2A3 /* mynewappUITests */ = {
			isa = PBXNativeTarget;
			buildConfigurationList = C21BD4162043BC050082F2A3 /* Build configuration list for PBXNativeTarget "mynewappUITests" */;
			buildPhases = (
				C21BD4032043BC050082F2A3 /* Sources */,
				C21BD4042043BC050082F2A3 /* Frameworks */,
				C21BD4052043BC050082F2A3 /* Resources */,
			);
			buildRules = (
			);
			dependencies = (
				C21BD4092043BC050082F2A3 /* PBXTargetDependency */,
			);
			name = mynewappUITests;
			productName = mynewappUITests;
			productReference = C21BD4072043BC050082F2A3 /* mynewappUITests.xctest */;
			productType = "com.apple.product-type.bundle.ui-testing";
		};
/* End PBXNativeTarget section */

/* Begin PBXProject section */
		C21BD3E02043BBFE0082F2A3 /* Project object */ = {
			isa = PBXProject;
			attributes = {
				LastSwiftUpdateCheck = 0930;
				LastUpgradeCheck = 0930;
				ORGANIZATIONNAME = MISLab;
				TargetAttributes = {
					C21BD3E72043BBFE0082F2A3 = {
						CreatedOnToolsVersion = 9.3;
					};
					C21BD3FB2043BC040082F2A3 = {
						CreatedOnToolsVersion = 9.3;
						TestTargetID = C21BD3E72043BBFE0082F2A3;
					};
					C21BD4062043BC050082F2A3 = {
						CreatedOnToolsVersion = 9.3;
						TestTargetID = C21BD3E72043BBFE0082F2A3;
					};
				};
			};
			buildConfigurationList = C21BD3E32043BBFE0082F2A3 /* Build configuration list for PBXProject "mynewapp" */;
			compatibilityVersion = "Xcode 9.3";
			developmentRegion = en;
			hasScannedForEncodings = 0;
			knownRegions = (
				en,
				Base,
			);
			mainGroup = C21BD3DF2043BBFE0082F2A3;
			productRefGroup = C21BD3E92043BBFE0082F2A3 /* Products */;
			projectDirPath = "";
			projectRoot = "";
			targets = (
				C21BD3E72043BBFE0082F2A3 /* mynewapp */,
				C21BD3FB2043BC040082F2A3 /* mynewappTests */,
				C21BD4062043BC050082F2A3 /* mynewappUITests */,
			);
		};
/* End PBXProject section */

/* Begin PBXResourcesBuildPhase section */
		C21BD3E62043BBFE0082F2A3 /* Resources */ = {
			isa = PBXResourcesBuildPhase;
			buildActionMask = 2147483647;
			files = (
				C21BD3F62043BC040082F2A3 /* LaunchScreen.storyboard in Resources */,
				C21BD3F32043BC040082F2A3 /* Assets.xcassets in Resources */,
				C21BD3F12043BBFE0082F2A3 /* Main.storyboard in Resources */,
			);
			runOnlyForDeploymentPostprocessing = 0;
		};
		C21BD3FA2043BC040082F2A3 /* Resources */ = {
			isa = PBXResourcesBuildPhase;
			buildActionMask = 2147483647;
			files = (
			);
			runOnlyForDeploymentPostprocessing = 0;
		};
		C21BD4052043BC050082F2A3 /* Resources */ = {
			isa = PBXResourcesBuildPhase;
			buildActionMask = 2147483647;
			files = (
			);
			runOnlyForDeploymentPostprocessing = 0;
		};
/* End PBXResourcesBuildPhase section */

/* Begin PBXSourcesBuildPhase section */
		C21BD3E42043BBFE0082F2A3 /* Sources */ = {
			isa = PBXSourcesBuildPhase;
			buildActionMask = 2147483647;
			files = (
				C2EDC0D4204E2E65001BE40E /* option.swift in Sources */,
				C28B0F35205108F0006470A4 /* writejson.swift in Sources */,
				C21BD3EE2043BBFE0082F2A3 /* ViewController.swift in Sources */,
				C21B6FEA20468CD600768F2C /* compare.swift in Sources */,
				C21BD41C2043BC3E0082F2A3 /* Paint.swift in Sources */,
				C21BD3EC2043BBFE0082F2A3 /* AppDelegate.swift in Sources */,
				C21BD41A2043BC2D0082F2A3 /* photoviewcontroller.swift in Sources */,
				C220F8DA2047CA970073447B /* gazemap.swift in Sources */,
				C21BD41E2043BCC20082F2A3 /* cameraviewcontroller.swift in Sources */,
				C2C400DE204FD93600EE339E /* vedio.swift in Sources */,
			);
			runOnlyForDeploymentPostprocessing = 0;
		};
		C21BD3F82043BC040082F2A3 /* Sources */ = {
			isa = PBXSourcesBuildPhase;
			buildActionMask = 2147483647;
			files = (
				C21BD4012043BC050082F2A3 /* mynewappTests.swift in Sources */,
			);
			runOnlyForDeploymentPostprocessing = 0;
		};
		C21BD4032043BC050082F2A3 /* Sources */ = {
			isa = PBXSourcesBuildPhase;
			buildActionMask = 2147483647;
			files = (
				C21BD40C2043BC050082F2A3 /* mynewappUITests.swift in Sources */,
			);
			runOnlyForDeploymentPostprocessing = 0;
		};
/* End PBXSourcesBuildPhase section */

/* Begin PBXTargetDependency section */
		C21BD3FE2043BC040082F2A3 /* PBXTargetDependency */ = {
			isa = PBXTargetDependency;
			target = C21BD3E72043BBFE0082F2A3 /* mynewapp */;
			targetProxy = C21BD3FD2043BC040082F2A3 /* PBXContainerItemProxy */;
		};
		C21BD4092043BC050082F2A3 /* PBXTargetDependency */ = {
			isa = PBXTargetDependency;
			target = C21BD3E72043BBFE0082F2A3 /* mynewapp */;
			targetProxy = C21BD4082043BC050082F2A3 /* PBXContainerItemProxy */;
		};
/* End PBXTargetDependency section */

/* Begin PBXVariantGroup section */
		C21BD3EF2043BBFE0082F2A3 /* Main.storyboard */ = {
			isa = PBXVariantGroup;
			children = (
				C21BD3F02043BBFE0082F2A3 /* Base */,
			);
			name = Main.storyboard;
			sourceTree = "<group>";
		};
		C21BD3F42043BC040082F2A3 /* LaunchScreen.storyboard */ = {
			isa = PBXVariantGroup;
			children = (
				C21BD3F52043BC040082F2A3 /* Base */,
			);
			name = LaunchScreen.storyboard;
			sourceTree = "<group>";
		};
/* End PBXVariantGroup section */

/* Begin XCBuildConfiguration section */
		C21BD40E2043BC050082F2A3 /* Debug */ = {
			isa = XCBuildConfiguration;
			buildSettings = {
				ALWAYS_SEARCH_USER_PATHS = NO;
				CLANG_ANALYZER_NONNULL = YES;
				CLANG_ANALYZER_NUMBER_OBJECT_CONVERSION = YES_AGGRESSIVE;
				CLANG_CXX_LANGUAGE_STANDARD = "gnu++14";
				CLANG_CXX_LIBRARY = "libc++";
				CLANG_ENABLE_MODULES = YES;
				CLANG_ENABLE_OBJC_ARC = YES;
				CLANG_ENABLE_OBJC_WEAK = YES;
				CLANG_WARN_BLOCK_CAPTURE_AUTORELEASING = YES;
				CLANG_WARN_BOOL_CONVERSION = YES;
				CLANG_WARN_COMMA = YES;
				CLANG_WARN_CONSTANT_CONVERSION = YES;
				CLANG_WARN_DEPRECATED_OBJC_IMPLEMENTATIONS = YES;
				CLANG_WARN_DIRECT_OBJC_ISA_USAGE = YES_ERROR;
				CLANG_WARN_DOCUMENTATION_COMMENTS = YES;
				CLANG_WARN_EMPTY_BODY = YES;
				CLANG_WARN_ENUM_CONVERSION = YES;
				CLANG_WARN_INFINITE_RECURSION = YES;
				CLANG_WARN_INT_CONVERSION = YES;
				CLANG_WARN_NON_LITERAL_NULL_CONVERSION = YES;
				CLANG_WARN_OBJC_IMPLICIT_RETAIN_SELF = YES;
				CLANG_WARN_OBJC_LITERAL_CONVERSION = YES;
				CLANG_WARN_OBJC_ROOT_CLASS = YES_ERROR;
				CLANG_WARN_RANGE_LOOP_ANALYSIS = YES;
				CLANG_WARN_STRICT_PROTOTYPES = YES;
				CLANG_WARN_SUSPICIOUS_MOVE = YES;
				CLANG_WARN_UNGUARDED_AVAILABILITY = YES_AGGRESSIVE;
				CLANG_WARN_UNREACHABLE_CODE = YES;
				CLANG_WARN__DUPLICATE_METHOD_MATCH = YES;
				CODE_SIGN_IDENTITY = "iPhone Developer";
				COPY_PHASE_STRIP = NO;
				DEBUG_INFORMATION_FORMAT = dwarf;
				ENABLE_STRICT_OBJC_MSGSEND = YES;
				ENABLE_TESTABILITY = YES;
				GCC_C_LANGUAGE_STANDARD = gnu11;
				GCC_DYNAMIC_NO_PIC = NO;
				GCC_NO_COMMON_BLOCKS = YES;
				GCC_OPTIMIZATION_LEVEL = 0;
				GCC_PREPROCESSOR_DEFINITIONS = (
					"DEBUG=1",
					"$(inherited)",
				);
				GCC_WARN_64_TO_32_BIT_CONVERSION = YES;
				GCC_WARN_ABOUT_RETURN_TYPE = YES_ERROR;
				GCC_WARN_UNDECLARED_SELECTOR = YES;
				GCC_WARN_UNINITIALIZED_AUTOS = YES_AGGRESSIVE;
				GCC_WARN_UNUSED_FUNCTION = YES;
				GCC_WARN_UNUSED_VARIABLE = YES;
				IPHONEOS_DEPLOYMENT_TARGET = 11.3;
				MTL_ENABLE_DEBUG_INFO = YES;
				ONLY_ACTIVE_ARCH = YES;
				SDKROOT = iphoneos;
				SWIFT_ACTIVE_COMPILATION_CONDITIONS = DEBUG;
				SWIFT_OPTIMIZATION_LEVEL = "-Onone";
			};
			name = Debug;
		};
		C21BD40F2043BC050082F2A3 /* Release */ = {
			isa = XCBuildConfiguration;
			buildSettings = {
				ALWAYS_SEARCH_USER_PATHS = NO;
				CLANG_ANALYZER_NONNULL = YES;
				CLANG_ANALYZER_NUMBER_OBJECT_CONVERSION = YES_AGGRESSIVE;
				CLANG_CXX_LANGUAGE_STANDARD = "gnu++14";
				CLANG_CXX_LIBRARY = "libc++";
				CLANG_ENABLE_MODULES = YES;
				CLANG_ENABLE_OBJC_ARC = YES;
				CLANG_ENABLE_OBJC_WEAK = YES;
				CLANG_WARN_BLOCK_CAPTURE_AUTORELEASING = YES;
				CLANG_WARN_BOOL_CONVERSION = YES;
				CLANG_WARN_COMMA = YES;
				CLANG_WARN_CONSTANT_CONVERSION = YES;
				CLANG_WARN_DEPRECATED_OBJC_IMPLEMENTATIONS = YES;
				CLANG_WARN_DIRECT_OBJC_ISA_USAGE = YES_ERROR;
				CLANG_WARN_DOCUMENTATION_COMMENTS = YES;
				CLANG_WARN_EMPTY_BODY = YES;
				CLANG_WARN_ENUM_CONVERSION = YES;
				CLANG_WARN_INFINITE_RECURSION = YES;
				CLANG_WARN_INT_CONVERSION = YES;
				CLANG_WARN_NON_LITERAL_NULL_CONVERSION = YES;
				CLANG_WARN_OBJC_IMPLICIT_RETAIN_SELF = YES;
				CLANG_WARN_OBJC_LITERAL_CONVERSION = YES;
				CLANG_WARN_OBJC_ROOT_CLASS = YES_ERROR;
				CLANG_WARN_RANGE_LOOP_ANALYSIS = YES;
				CLANG_WARN_STRICT_PROTOTYPES = YES;
				CLANG_WARN_SUSPICIOUS_MOVE = YES;
				CLANG_WARN_UNGUARDED_AVAILABILITY = YES_AGGRESSIVE;
				CLANG_WARN_UNREACHABLE_CODE = YES;
				CLANG_WARN__DUPLICATE_METHOD_MATCH = YES;
				CODE_SIGN_IDENTITY = "iPhone Developer";
				COPY_PHASE_STRIP = NO;
				DEBUG_INFORMATION_FORMAT = "dwarf-with-dsym";
				ENABLE_NS_ASSERTIONS = NO;
				ENABLE_STRICT_OBJC_MSGSEND = YES;
				GCC_C_LANGUAGE_STANDARD = gnu11;
				GCC_NO_COMMON_BLOCKS = YES;
				GCC_WARN_64_TO_32_BIT_CONVERSION = YES;
				GCC_WARN_ABOUT_RETURN_TYPE = YES_ERROR;
				GCC_WARN_UNDECLARED_SELECTOR = YES;
				GCC_WARN_UNINITIALIZED_AUTOS = YES_AGGRESSIVE;
				GCC_WARN_UNUSED_FUNCTION = YES;
				GCC_WARN_UNUSED_VARIABLE = YES;
				IPHONEOS_DEPLOYMENT_TARGET = 11.3;
				MTL_ENABLE_DEBUG_INFO = NO;
				SDKROOT = iphoneos;
				SWIFT_OPTIMIZATION_LEVEL = "-Owholemodule";
				VALIDATE_PRODUCT = YES;
			};
			name = Release;
		};
		C21BD4112043BC050082F2A3 /* Debug */ = {
			isa = XCBuildConfiguration;
			buildSettings = {
				ASSETCATALOG_COMPILER_APPICON_NAME = AppIcon;
				CODE_SIGN_STYLE = Automatic;
				DEVELOPMENT_TEAM = 77268F868X;
				GCC_PREPROCESSOR_DEFINITIONS = (
					DLIB_NO_GUI_SUPPORT,
					DLIB_JPEG_SUPPORT,
					NDEBUG,
					DLIB_USE_BLAS,
					DLIB_USE_LAPACK,
				);
				INFOPLIST_FILE = mynewapp/Info.plist;
				IPHONEOS_DEPLOYMENT_TARGET = 10.1.1;
				LD_RUNPATH_SEARCH_PATHS = (
					"$(inherited)",
					"@executable_path/Frameworks",
				);
				LIBRARY_SEARCH_PATHS = (
					"$(inherited)",
					"$(PROJECT_DIR)/mynewapp/lib",
				);
				OTHER_CFLAGS = (
					"-DDLIB_JPEG_SUPPORT",
					"-DDLIB_NO_GUI_SUPPORT",
					"-DNDEBUG",
					"-DDLIB_USE_BLAS",
					"-DDLIB_USE_LAPACK",
				);
				PRODUCT_BUNDLE_IDENTIFIER = carry8241.mynewapp;
				PRODUCT_NAME = "$(TARGET_NAME)";
				SWIFT_VERSION = 4.0;
				TARGETED_DEVICE_FAMILY = "1,2";
			};
			name = Debug;
		};
		C21BD4122043BC050082F2A3 /* Release */ = {
			isa = XCBuildConfiguration;
			buildSettings = {
				ASSETCATALOG_COMPILER_APPICON_NAME = AppIcon;
				CODE_SIGN_STYLE = Automatic;
				DEVELOPMENT_TEAM = 77268F868X;
				GCC_PREPROCESSOR_DEFINITIONS = (
					DLIB_NO_GUI_SUPPORT,
					DLIB_JPEG_SUPPORT,
					NDEBUG,
					DLIB_USE_BLAS,
					DLIB_USE_LAPACK,
				);
				INFOPLIST_FILE = mynewapp/Info.plist;
				IPHONEOS_DEPLOYMENT_TARGET = 10.1.1;
				LD_RUNPATH_SEARCH_PATHS = (
					"$(inherited)",
					"@executable_path/Frameworks",
				);
				LIBRARY_SEARCH_PATHS = (
					"$(inherited)",
					"$(PROJECT_DIR)/mynewapp/lib",
				);
				OTHER_CFLAGS = (
					"-DDLIB_JPEG_SUPPORT",
					"-DDLIB_NO_GUI_SUPPORT",
					"-DNDEBUG",
					"-DDLIB_USE_BLAS",
					"-DDLIB_USE_LAPACK",
				);
				PRODUCT_BUNDLE_IDENTIFIER = carry8241.mynewapp;
				PRODUCT_NAME = "$(TARGET_NAME)";
				SWIFT_VERSION = 4.0;
				TARGETED_DEVICE_FAMILY = "1,2";
			};
			name = Release;
		};
		C21BD4142043BC050082F2A3 /* Debug */ = {
			isa = XCBuildConfiguration;
			buildSettings = {
				ALWAYS_EMBED_SWIFT_STANDARD_LIBRARIES = YES;
				BUNDLE_LOADER = "$(TEST_HOST)";
				CODE_SIGN_STYLE = Automatic;
				INFOPLIST_FILE = mynewappTests/Info.plist;
				LD_RUNPATH_SEARCH_PATHS = (
					"$(inherited)",
					"@executable_path/Frameworks",
					"@loader_path/Frameworks",
				);
				PRODUCT_BUNDLE_IDENTIFIER = carry8241.mynewappTests;
				PRODUCT_NAME = "$(TARGET_NAME)";
				SWIFT_VERSION = 4.0;
				TARGETED_DEVICE_FAMILY = "1,2";
				TEST_HOST = "$(BUILT_PRODUCTS_DIR)/mynewapp.app/mynewapp";
			};
			name = Debug;
		};
		C21BD4152043BC050082F2A3 /* Release */ = {
			isa = XCBuildConfiguration;
			buildSettings = {
				ALWAYS_EMBED_SWIFT_STANDARD_LIBRARIES = YES;
				BUNDLE_LOADER = "$(TEST_HOST)";
				CODE_SIGN_STYLE = Automatic;
				INFOPLIST_FILE = mynewappTests/Info.plist;
				LD_RUNPATH_SEARCH_PATHS = (
					"$(inherited)",
					"@executable_path/Frameworks",
					"@loader_path/Frameworks",
				);
				PRODUCT_BUNDLE_IDENTIFIER = carry8241.mynewappTests;
				PRODUCT_NAME = "$(TARGET_NAME)";
				SWIFT_VERSION = 4.0;
				TARGETED_DEVICE_FAMILY = "1,2";
				TEST_HOST = "$(BUILT_PRODUCTS_DIR)/mynewapp.app/mynewapp";
			};
			name = Release;
		};
		C21BD4172043BC050082F2A3 /* Debug */ = {
			isa = XCBuildConfiguration;
			buildSettings = {
				ALWAYS_EMBED_SWIFT_STANDARD_LIBRARIES = YES;
				CODE_SIGN_STYLE = Automatic;
				INFOPLIST_FILE = mynewappUITests/Info.plist;
				LD_RUNPATH_SEARCH_PATHS = (
					"$(inherited)",
					"@executable_path/Frameworks",
					"@loader_path/Frameworks",
				);
				PRODUCT_BUNDLE_IDENTIFIER = carry8241.mynewappUITests;
				PRODUCT_NAME = "$(TARGET_NAME)";
				SWIFT_VERSION = 4.0;
				TARGETED_DEVICE_FAMILY = "1,2";
				TEST_TARGET_NAME = mynewapp;
			};
			name = Debug;
		};
		C21BD4182043BC050082F2A3 /* Release */ = {
			isa = XCBuildConfiguration;
			buildSettings = {
				ALWAYS_EMBED_SWIFT_STANDARD_LIBRARIES = YES;
				CODE_SIGN_STYLE = Automatic;
				INFOPLIST_FILE = mynewappUITests/Info.plist;
				LD_RUNPATH_SEARCH_PATHS = (
					"$(inherited)",
					"@executable_path/Frameworks",
					"@loader_path/Frameworks",
				);
				PRODUCT_BUNDLE_IDENTIFIER = carry8241.mynewappUITests;
				PRODUCT_NAME = "$(TARGET_NAME)";
				SWIFT_VERSION = 4.0;
				TARGETED_DEVICE_FAMILY = "1,2";
				TEST_TARGET_NAME = mynewapp;
			};
			name = Release;
		};
/* End XCBuildConfiguration section */

/* Begin XCConfigurationList section */
		C21BD3E32043BBFE0082F2A3 /* Build configuration list for PBXProject "mynewapp" */ = {
			isa = XCConfigurationList;
			buildConfigurations = (
				C21BD40E2043BC050082F2A3 /* Debug */,
				C21BD40F2043BC050082F2A3 /* Release */,
			);
			defaultConfigurationIsVisible = 0;
			defaultConfigurationName = Release;
		};
		C21BD4102043BC050082F2A3 /* Build configuration list for PBXNativeTarget "mynewapp" */ = {
			isa = XCConfigurationList;
			buildConfigurations = (
				C21BD4112043BC050082F2A3 /* Debug */,
				C21BD4122043BC050082F2A3 /* Release */,
			);
			defaultConfigurationIsVisible = 0;
			defaultConfigurationName = Release;
		};
		C21BD4132043BC050082F2A3 /* Build configuration list for PBXNativeTarget "mynewappTests" */ = {
			isa = XCConfigurationList;
			buildConfigurations = (
				C21BD4142043BC050082F2A3 /* Debug */,
				C21BD4152043BC050082F2A3 /* Release */,
			);
			defaultConfigurationIsVisible = 0;
			defaultConfigurationName = Release;
		};
		C21BD4162043BC050082F2A3 /* Build configuration list for PBXNativeTarget "mynewappUITests" */ = {
			isa = XCConfigurationList;
			buildConfigurations = (
				C21BD4172043BC050082F2A3 /* Debug */,
				C21BD4182043BC050082F2A3 /* Release */,
			);
			defaultConfigurationIsVisible = 0;
			defaultConfigurationName = Release;
		};
/* End XCConfigurationList section */
	};
	rootObject = C21BD3E02043BBFE0082F2A3 /* Project object */;
}
